// !$*UTF8*$!
{
	archiveVersion = 1;
	classes = {
	};
	objectVersion = 46;
	objects = {

/* Begin PBXBuildFile section */
		6580803BEB8E3B3966257A1E /* libPods-ScottExtensionUITests.a in Frameworks */ = {isa = PBXBuildFile; fileRef = 5651BA4631A4F6159D298073 /* libPods-ScottExtensionUITests.a */; };
		6B408327525FA1BEBFD49C81 /* libPods-ScottExtensionTests.a in Frameworks */ = {isa = PBXBuildFile; fileRef = 2966E7DFC1DB757911929B57 /* libPods-ScottExtensionTests.a */; };
		9D157B101E0A51AC002D3066 /* main.m in Sources */ = {isa = PBXBuildFile; fileRef = 9D157B0F1E0A51AC002D3066 /* main.m */; };
		9D157B131E0A51AC002D3066 /* AppDelegate.m in Sources */ = {isa = PBXBuildFile; fileRef = 9D157B121E0A51AC002D3066 /* AppDelegate.m */; };
		9D157B161E0A51AC002D3066 /* ViewController.m in Sources */ = {isa = PBXBuildFile; fileRef = 9D157B151E0A51AC002D3066 /* ViewController.m */; };
		9D157B191E0A51AC002D3066 /* Main.storyboard in Resources */ = {isa = PBXBuildFile; fileRef = 9D157B171E0A51AC002D3066 /* Main.storyboard */; };
		9D157B1B1E0A51AC002D3066 /* Assets.xcassets in Resources */ = {isa = PBXBuildFile; fileRef = 9D157B1A1E0A51AC002D3066 /* Assets.xcassets */; };
		9D157B1E1E0A51AC002D3066 /* LaunchScreen.storyboard in Resources */ = {isa = PBXBuildFile; fileRef = 9D157B1C1E0A51AC002D3066 /* LaunchScreen.storyboard */; };
		9D157B291E0A51AC002D3066 /* ScottExtensionTests.m in Sources */ = {isa = PBXBuildFile; fileRef = 9D157B281E0A51AC002D3066 /* ScottExtensionTests.m */; };
		9D157B341E0A51AC002D3066 /* ScottExtensionUITests.m in Sources */ = {isa = PBXBuildFile; fileRef = 9D157B331E0A51AC002D3066 /* ScottExtensionUITests.m */; };
		9D157B441E0A51E1002D3066 /* UIImage+ScottExtension.m in Sources */ = {isa = PBXBuildFile; fileRef = 9D157B431E0A51E1002D3066 /* UIImage+ScottExtension.m */; };
		9D157B651E0A83A2002D3066 /* Info.plist in Resources */ = {isa = PBXBuildFile; fileRef = 9D157B641E0A83A2002D3066 /* Info.plist */; };
		9D157B661E0A83A2002D3066 /* Info.plist in Resources */ = {isa = PBXBuildFile; fileRef = 9D157B641E0A83A2002D3066 /* Info.plist */; };
		9D157B671E0A83A2002D3066 /* Info.plist in Resources */ = {isa = PBXBuildFile; fileRef = 9D157B641E0A83A2002D3066 /* Info.plist */; };
		B4342473CEA6A2350FE36B4D /* libPods-ScottExtension.a in Frameworks */ = {isa = PBXBuildFile; fileRef = 92771C3BF67A7ADFF4416610 /* libPods-ScottExtension.a */; };
/* End PBXBuildFile section */

/* Begin PBXContainerItemProxy section */
		9D157B251E0A51AC002D3066 /* PBXContainerItemProxy */ = {
			isa = PBXContainerItemProxy;
			containerPortal = 9D157B031E0A51AC002D3066 /* Project object */;
			proxyType = 1;
			remoteGlobalIDString = 9D157B0A1E0A51AC002D3066;
			remoteInfo = ScottExtension;
		};
		9D157B301E0A51AC002D3066 /* PBXContainerItemProxy */ = {
			isa = PBXContainerItemProxy;
			containerPortal = 9D157B031E0A51AC002D3066 /* Project object */;
			proxyType = 1;
			remoteGlobalIDString = 9D157B0A1E0A51AC002D3066;
			remoteInfo = ScottExtension;
		};
/* End PBXContainerItemProxy section */

/* Begin PBXFileReference section */
		2966E7DFC1DB757911929B57 /* libPods-ScottExtensionTests.a */ = {isa = PBXFileReference; explicitFileType = archive.ar; includeInIndex = 0; path = "libPods-ScottExtensionTests.a"; sourceTree = BUILT_PRODUCTS_DIR; };
		51375900FD4236D64280EDBC /* Pods-ScottExtension.release.xcconfig */ = {isa = PBXFileReference; includeInIndex = 1; lastKnownFileType = text.xcconfig; name = "Pods-ScottExtension.release.xcconfig"; path = "Pods/Target Support Files/Pods-ScottExtension/Pods-ScottExtension.release.xcconfig"; sourceTree = "<group>"; };
		5651BA4631A4F6159D298073 /* libPods-ScottExtensionUITests.a */ = {isa = PBXFileReference; explicitFileType = archive.ar; includeInIndex = 0; path = "libPods-ScottExtensionUITests.a"; sourceTree = BUILT_PRODUCTS_DIR; };
		643090DCECE00FC24BB5D502 /* Pods-ScottExtensionUITests.release.xcconfig */ = {isa = PBXFileReference; includeInIndex = 1; lastKnownFileType = text.xcconfig; name = "Pods-ScottExtensionUITests.release.xcconfig"; path = "Pods/Target Support Files/Pods-ScottExtensionUITests/Pods-ScottExtensionUITests.release.xcconfig"; sourceTree = "<group>"; };
		70C536A2DE328421E60EE087 /* Pods-ScottExtensionUITests.debug.xcconfig */ = {isa = PBXFileReference; includeInIndex = 1; lastKnownFileType = text.xcconfig; name = "Pods-ScottExtensionUITests.debug.xcconfig"; path = "Pods/Target Support Files/Pods-ScottExtensionUITests/Pods-ScottExtensionUITests.debug.xcconfig"; sourceTree = "<group>"; };
		92771C3BF67A7ADFF4416610 /* libPods-ScottExtension.a */ = {isa = PBXFileReference; explicitFileType = archive.ar; includeInIndex = 0; path = "libPods-ScottExtension.a"; sourceTree = BUILT_PRODUCTS_DIR; };
		9D157B0B1E0A51AC002D3066 /* ScottExtension.app */ = {isa = PBXFileReference; explicitFileType = wrapper.application; includeInIndex = 0; path = ScottExtension.app; sourceTree = BUILT_PRODUCTS_DIR; };
		9D157B0F1E0A51AC002D3066 /* main.m */ = {isa = PBXFileReference; lastKnownFileType = sourcecode.c.objc; path = main.m; sourceTree = "<group>"; };
		9D157B111E0A51AC002D3066 /* AppDelegate.h */ = {isa = PBXFileReference; lastKnownFileType = sourcecode.c.h; path = AppDelegate.h; sourceTree = "<group>"; };
		9D157B121E0A51AC002D3066 /* AppDelegate.m */ = {isa = PBXFileReference; lastKnownFileType = sourcecode.c.objc; path = AppDelegate.m; sourceTree = "<group>"; };
		9D157B141E0A51AC002D3066 /* ViewController.h */ = {isa = PBXFileReference; lastKnownFileType = sourcecode.c.h; path = ViewController.h; sourceTree = "<group>"; };
		9D157B151E0A51AC002D3066 /* ViewController.m */ = {isa = PBXFileReference; lastKnownFileType = sourcecode.c.objc; path = ViewController.m; sourceTree = "<group>"; };
		9D157B181E0A51AC002D3066 /* Base */ = {isa = PBXFileReference; lastKnownFileType = file.storyboard; name = Base; path = Base.lproj/Main.storyboard; sourceTree = "<group>"; };
		9D157B1A1E0A51AC002D3066 /* Assets.xcassets */ = {isa = PBXFileReference; lastKnownFileType = folder.assetcatalog; path = Assets.xcassets; sourceTree = "<group>"; };
		9D157B1D1E0A51AC002D3066 /* Base */ = {isa = PBXFileReference; lastKnownFileType = file.storyboard; name = Base; path = Base.lproj/LaunchScreen.storyboard; sourceTree = "<group>"; };
		9D157B241E0A51AC002D3066 /* ScottExtensionTests.xctest */ = {isa = PBXFileReference; explicitFileType = wrapper.cfbundle; includeInIndex = 0; path = ScottExtensionTests.xctest; sourceTree = BUILT_PRODUCTS_DIR; };
		9D157B281E0A51AC002D3066 /* ScottExtensionTests.m */ = {isa = PBXFileReference; lastKnownFileType = sourcecode.c.objc; path = ScottExtensionTests.m; sourceTree = "<group>"; };
		9D157B2A1E0A51AC002D3066 /* Info.plist */ = {isa = PBXFileReference; lastKnownFileType = text.plist.xml; path = Info.plist; sourceTree = "<group>"; };
		9D157B2F1E0A51AC002D3066 /* ScottExtensionUITests.xctest */ = {isa = PBXFileReference; explicitFileType = wrapper.cfbundle; includeInIndex = 0; path = ScottExtensionUITests.xctest; sourceTree = BUILT_PRODUCTS_DIR; };
		9D157B331E0A51AC002D3066 /* ScottExtensionUITests.m */ = {isa = PBXFileReference; lastKnownFileType = sourcecode.c.objc; path = ScottExtensionUITests.m; sourceTree = "<group>"; };
		9D157B351E0A51AC002D3066 /* Info.plist */ = {isa = PBXFileReference; lastKnownFileType = text.plist.xml; path = Info.plist; sourceTree = "<group>"; };
		9D157B421E0A51E1002D3066 /* UIImage+ScottExtension.h */ = {isa = PBXFileReference; fileEncoding = 4; lastKnownFileType = sourcecode.c.h; path = "UIImage+ScottExtension.h"; sourceTree = "<group>"; };
		9D157B431E0A51E1002D3066 /* UIImage+ScottExtension.m */ = {isa = PBXFileReference; fileEncoding = 4; lastKnownFileType = sourcecode.c.objc; path = "UIImage+ScottExtension.m"; sourceTree = "<group>"; };
		9D157B641E0A83A2002D3066 /* Info.plist */ = {isa = PBXFileReference; fileEncoding = 4; lastKnownFileType = text.plist.xml; path = Info.plist; sourceTree = "<group>"; };
		9E33E2BD3713762FCC2609DD /* Pods-ScottExtension.debug.xcconfig */ = {isa = PBXFileReference; includeInIndex = 1; lastKnownFileType = text.xcconfig; name = "Pods-ScottExtension.debug.xcconfig"; path = "Pods/Target Support Files/Pods-ScottExtension/Pods-ScottExtension.debug.xcconfig"; sourceTree = "<group>"; };
		E76CB9CBB77DC866E0068F86 /* Pods-ScottExtensionTests.release.xcconfig */ = {isa = PBXFileReference; includeInIndex = 1; lastKnownFileType = text.xcconfig; name = "Pods-ScottExtensionTests.release.xcconfig"; path = "Pods/Target Support Files/Pods-ScottExtensionTests/Pods-ScottExtensionTests.release.xcconfig"; sourceTree = "<group>"; };
		FF768E612E414340F44BAC6C /* Pods-ScottExtensionTests.debug.xcconfig */ = {isa = PBXFileReference; includeInIndex = 1; lastKnownFileType = text.xcconfig; name = "Pods-ScottExtensionTests.debug.xcconfig"; path = "Pods/Target Support Files/Pods-ScottExtensionTests/Pods-ScottExtensionTests.debug.xcconfig"; sourceTree = "<group>"; };
/* End PBXFileReference section */

/* Begin PBXFrameworksBuildPhase section */
		9D157B081E0A51AC002D3066 /* Frameworks */ = {
			isa = PBXFrameworksBuildPhase;
			buildActionMask = 2147483647;
			files = (
				B4342473CEA6A2350FE36B4D /* libPods-ScottExtension.a in Frameworks */,
			);
			runOnlyForDeploymentPostprocessing = 0;
		};
		9D157B211E0A51AC002D3066 /* Frameworks */ = {
			isa = PBXFrameworksBuildPhase;
			buildActionMask = 2147483647;
			files = (
				6B408327525FA1BEBFD49C81 /* libPods-ScottExtensionTests.a in Frameworks */,
			);
			runOnlyForDeploymentPostprocessing = 0;
		};
		9D157B2C1E0A51AC002D3066 /* Frameworks */ = {
			isa = PBXFrameworksBuildPhase;
			buildActionMask = 2147483647;
			files = (
				6580803BEB8E3B3966257A1E /* libPods-ScottExtensionUITests.a in Frameworks */,
			);
			runOnlyForDeploymentPostprocessing = 0;
		};
/* End PBXFrameworksBuildPhase section */

/* Begin PBXGroup section */
		3827C54E19F8F490CF798E02 /* Pods */ = {
			isa = PBXGroup;
			children = (
				9E33E2BD3713762FCC2609DD /* Pods-ScottExtension.debug.xcconfig */,
				51375900FD4236D64280EDBC /* Pods-ScottExtension.release.xcconfig */,
				FF768E612E414340F44BAC6C /* Pods-ScottExtensionTests.debug.xcconfig */,
				E76CB9CBB77DC866E0068F86 /* Pods-ScottExtensionTests.release.xcconfig */,
				70C536A2DE328421E60EE087 /* Pods-ScottExtensionUITests.debug.xcconfig */,
				643090DCECE00FC24BB5D502 /* Pods-ScottExtensionUITests.release.xcconfig */,
			);
			name = Pods;
			sourceTree = "<group>";
		};
		7D4DF7D71671F9C728CAF4C1 /* Frameworks */ = {
			isa = PBXGroup;
			children = (
				92771C3BF67A7ADFF4416610 /* libPods-ScottExtension.a */,
				2966E7DFC1DB757911929B57 /* libPods-ScottExtensionTests.a */,
				5651BA4631A4F6159D298073 /* libPods-ScottExtensionUITests.a */,
			);
			name = Frameworks;
			sourceTree = "<group>";
		};
		9D157B021E0A51AC002D3066 = {
			isa = PBXGroup;
			children = (
				9D157B411E0A51E1002D3066 /* Classes */,
				9D157B0D1E0A51AC002D3066 /* ScottExtension */,
				9D157B271E0A51AC002D3066 /* ScottExtensionTests */,
				9D157B321E0A51AC002D3066 /* ScottExtensionUITests */,
				9D157B0C1E0A51AC002D3066 /* Products */,
				3827C54E19F8F490CF798E02 /* Pods */,
				7D4DF7D71671F9C728CAF4C1 /* Frameworks */,
			);
			sourceTree = "<group>";
		};
		9D157B0C1E0A51AC002D3066 /* Products */ = {
			isa = PBXGroup;
			children = (
				9D157B0B1E0A51AC002D3066 /* ScottExtension.app */,
				9D157B241E0A51AC002D3066 /* ScottExtensionTests.xctest */,
				9D157B2F1E0A51AC002D3066 /* ScottExtensionUITests.xctest */,
			);
			name = Products;
			sourceTree = "<group>";
		};
		9D157B0D1E0A51AC002D3066 /* ScottExtension */ = {
			isa = PBXGroup;
			children = (
				9D157B111E0A51AC002D3066 /* AppDelegate.h */,
				9D157B121E0A51AC002D3066 /* AppDelegate.m */,
				9D157B141E0A51AC002D3066 /* ViewController.h */,
				9D157B151E0A51AC002D3066 /* ViewController.m */,
				9D157B171E0A51AC002D3066 /* Main.storyboard */,
				9D157B1A1E0A51AC002D3066 /* Assets.xcassets */,
				9D157B1C1E0A51AC002D3066 /* LaunchScreen.storyboard */,
				9D157B0E1E0A51AC002D3066 /* Supporting Files */,
			);
			path = ScottExtension;
			sourceTree = "<group>";
		};
		9D157B0E1E0A51AC002D3066 /* Supporting Files */ = {
			isa = PBXGroup;
			children = (
				9D157B0F1E0A51AC002D3066 /* main.m */,
				9D157B641E0A83A2002D3066 /* Info.plist */,
			);
			name = "Supporting Files";
			sourceTree = "<group>";
		};
		9D157B271E0A51AC002D3066 /* ScottExtensionTests */ = {
			isa = PBXGroup;
			children = (
				9D157B281E0A51AC002D3066 /* ScottExtensionTests.m */,
				9D157B2A1E0A51AC002D3066 /* Info.plist */,
			);
			path = ScottExtensionTests;
			sourceTree = "<group>";
		};
		9D157B321E0A51AC002D3066 /* ScottExtensionUITests */ = {
			isa = PBXGroup;
			children = (
				9D157B331E0A51AC002D3066 /* ScottExtensionUITests.m */,
				9D157B351E0A51AC002D3066 /* Info.plist */,
			);
			path = ScottExtensionUITests;
			sourceTree = "<group>";
		};
		9D157B411E0A51E1002D3066 /* Classes */ = {
			isa = PBXGroup;
			children = (
				9D157B421E0A51E1002D3066 /* UIImage+ScottExtension.h */,
				9D157B431E0A51E1002D3066 /* UIImage+ScottExtension.m */,
			);
			path = Classes;
			sourceTree = "<group>";
		};
/* End PBXGroup section */

/* Begin PBXNativeTarget section */
		9D157B0A1E0A51AC002D3066 /* ScottExtension */ = {
			isa = PBXNativeTarget;
			buildConfigurationList = 9D157B381E0A51AC002D3066 /* Build configuration list for PBXNativeTarget "ScottExtension" */;
			buildPhases = (
				2EFD399C01755A62B3EA9D93 /* [CP] Check Pods Manifest.lock */,
				9D157B071E0A51AC002D3066 /* Sources */,
				9D157B081E0A51AC002D3066 /* Frameworks */,
				9D157B091E0A51AC002D3066 /* Resources */,
				0849A84CE04C3C127AC2FEAB /* [CP] Embed Pods Frameworks */,
				C58AB64D8002D9D1543740BA /* [CP] Copy Pods Resources */,
			);
			buildRules = (
			);
			dependencies = (
			);
			name = ScottExtension;
			productName = ScottExtension;
			productReference = 9D157B0B1E0A51AC002D3066 /* ScottExtension.app */;
			productType = "com.apple.product-type.application";
		};
		9D157B231E0A51AC002D3066 /* ScottExtensionTests */ = {
			isa = PBXNativeTarget;
			buildConfigurationList = 9D157B3B1E0A51AC002D3066 /* Build configuration list for PBXNativeTarget "ScottExtensionTests" */;
			buildPhases = (
				0E40DAFF912EDE537E437D15 /* [CP] Check Pods Manifest.lock */,
				9D157B201E0A51AC002D3066 /* Sources */,
				9D157B211E0A51AC002D3066 /* Frameworks */,
				9D157B221E0A51AC002D3066 /* Resources */,
				F78D7CF36FCDA04B70FAC470 /* [CP] Embed Pods Frameworks */,
				85D1C2BF5D971F4FFD5AFD24 /* [CP] Copy Pods Resources */,
			);
			buildRules = (
			);
			dependencies = (
				9D157B261E0A51AC002D3066 /* PBXTargetDependency */,
			);
			name = ScottExtensionTests;
			productName = ScottExtensionTests;
			productReference = 9D157B241E0A51AC002D3066 /* ScottExtensionTests.xctest */;
			productType = "com.apple.product-type.bundle.unit-test";
		};
		9D157B2E1E0A51AC002D3066 /* ScottExtensionUITests */ = {
			isa = PBXNativeTarget;
			buildConfigurationList = 9D157B3E1E0A51AC002D3066 /* Build configuration list for PBXNativeTarget "ScottExtensionUITests" */;
			buildPhases = (
				3FF0DB731D300AD7D627DF7A /* [CP] Check Pods Manifest.lock */,
				9D157B2B1E0A51AC002D3066 /* Sources */,
				9D157B2C1E0A51AC002D3066 /* Frameworks */,
				9D157B2D1E0A51AC002D3066 /* Resources */,
				01AAA8F4E73B265665AAE488 /* [CP] Embed Pods Frameworks */,
				49DD0DA518417DB07980DD80 /* [CP] Copy Pods Resources */,
			);
			buildRules = (
			);
			dependencies = (
				9D157B311E0A51AC002D3066 /* PBXTargetDependency */,
			);
			name = ScottExtensionUITests;
			productName = ScottExtensionUITests;
			productReference = 9D157B2F1E0A51AC002D3066 /* ScottExtensionUITests.xctest */;
			productType = "com.apple.product-type.bundle.ui-testing";
		};
/* End PBXNativeTarget section */

/* Begin PBXProject section */
		9D157B031E0A51AC002D3066 /* Project object */ = {
			isa = PBXProject;
			attributes = {
				LastUpgradeCheck = 0820;
				ORGANIZATIONNAME = Sunny;
				TargetAttributes = {
					9D157B0A1E0A51AC002D3066 = {
						CreatedOnToolsVersion = 8.2;
						DevelopmentTeam = D2YB7AB988;
						ProvisioningStyle = Automatic;
					};
					9D157B231E0A51AC002D3066 = {
						CreatedOnToolsVersion = 8.2;
						DevelopmentTeam = D2YB7AB988;
						ProvisioningStyle = Automatic;
						TestTargetID = 9D157B0A1E0A51AC002D3066;
					};
					9D157B2E1E0A51AC002D3066 = {
						CreatedOnToolsVersion = 8.2;
						DevelopmentTeam = D2YB7AB988;
						ProvisioningStyle = Automatic;
						TestTargetID = 9D157B0A1E0A51AC002D3066;
					};
				};
			};
			buildConfigurationList = 9D157B061E0A51AC002D3066 /* Build configuration list for PBXProject "ScottExtension" */;
			compatibilityVersion = "Xcode 3.2";
			developmentRegion = English;
			hasScannedForEncodings = 0;
			knownRegions = (
				en,
				Base,
			);
			mainGroup = 9D157B021E0A51AC002D3066;
			productRefGroup = 9D157B0C1E0A51AC002D3066 /* Products */;
			projectDirPath = "";
			projectRoot = "";
			targets = (
				9D157B0A1E0A51AC002D3066 /* ScottExtension */,
				9D157B231E0A51AC002D3066 /* ScottExtensionTests */,
				9D157B2E1E0A51AC002D3066 /* ScottExtensionUITests */,
			);
		};
/* End PBXProject section */

/* Begin PBXResourcesBuildPhase section */
		9D157B091E0A51AC002D3066 /* Resources */ = {
			isa = PBXResourcesBuildPhase;
			buildActionMask = 2147483647;
			files = (
				9D157B1E1E0A51AC002D3066 /* LaunchScreen.storyboard in Resources */,
				9D157B651E0A83A2002D3066 /* Info.plist in Resources */,
				9D157B1B1E0A51AC002D3066 /* Assets.xcassets in Resources */,
				9D157B191E0A51AC002D3066 /* Main.storyboard in Resources */,
			);
			runOnlyForDeploymentPostprocessing = 0;
		};
		9D157B221E0A51AC002D3066 /* Resources */ = {
			isa = PBXResourcesBuildPhase;
			buildActionMask = 2147483647;
			files = (
				9D157B661E0A83A2002D3066 /* Info.plist in Resources */,
			);
			runOnlyForDeploymentPostprocessing = 0;
		};
		9D157B2D1E0A51AC002D3066 /* Resources */ = {
			isa = PBXResourcesBuildPhase;
			buildActionMask = 2147483647;
			files = (
				9D157B671E0A83A2002D3066 /* Info.plist in Resources */,
			);
			runOnlyForDeploymentPostprocessing = 0;
		};
/* End PBXResourcesBuildPhase section */

/* Begin PBXShellScriptBuildPhase section */
		01AAA8F4E73B265665AAE488 /* [CP] Embed Pods Frameworks */ = {
			isa = PBXShellScriptBuildPhase;
			buildActionMask = 2147483647;
			files = (
			);
			inputPaths = (
			);
			name = "[CP] Embed Pods Frameworks";
			outputPaths = (
			);
			runOnlyForDeploymentPostprocessing = 0;
			shellPath = /bin/sh;
			shellScript = "\"${SRCROOT}/Pods/Target Support Files/Pods-ScottExtensionUITests/Pods-ScottExtensionUITests-frameworks.sh\"\n";
			showEnvVarsInLog = 0;
		};
		0849A84CE04C3C127AC2FEAB /* [CP] Embed Pods Frameworks */ = {
			isa = PBXShellScriptBuildPhase;
			buildActionMask = 2147483647;
			files = (
			);
			inputPaths = (
			);
			name = "[CP] Embed Pods Frameworks";
			outputPaths = (
			);
			runOnlyForDeploymentPostprocessing = 0;
			shellPath = /bin/sh;
			shellScript = "\"${SRCROOT}/Pods/Target Support Files/Pods-ScottExtension/Pods-ScottExtension-frameworks.sh\"\n";
			showEnvVarsInLog = 0;
		};
		0E40DAFF912EDE537E437D15 /* [CP] Check Pods Manifest.lock */ = {
			isa = PBXShellScriptBuildPhase;
			buildActionMask = 2147483647;
			files = (
			);
			inputPaths = (
			);
			name = "[CP] Check Pods Manifest.lock";
			outputPaths = (
			);
			runOnlyForDeploymentPostprocessing = 0;
			shellPath = /bin/sh;
			shellScript = "diff \"${PODS_ROOT}/../Podfile.lock\" \"${PODS_ROOT}/Manifest.lock\" > /dev/null\nif [ $? != 0 ] ; then\n    # print error to STDERR\n    echo \"error: The sandbox is not in sync with the Podfile.lock. Run 'pod install' or update your CocoaPods installation.\" >&2\n    exit 1\nfi\n";
			showEnvVarsInLog = 0;
		};
		2EFD399C01755A62B3EA9D93 /* [CP] Check Pods Manifest.lock */ = {
			isa = PBXShellScriptBuildPhase;
			buildActionMask = 2147483647;
			files = (
			);
			inputPaths = (
			);
			name = "[CP] Check Pods Manifest.lock";
			outputPaths = (
			);
			runOnlyForDeploymentPostprocessing = 0;
			shellPath = /bin/sh;
			shellScript = "diff \"${PODS_ROOT}/../Podfile.lock\" \"${PODS_ROOT}/Manifest.lock\" > /dev/null\nif [ $? != 0 ] ; then\n    # print error to STDERR\n    echo \"error: The sandbox is not in sync with the Podfile.lock. Run 'pod install' or update your CocoaPods installation.\" >&2\n    exit 1\nfi\n";
			showEnvVarsInLog = 0;
		};
		3FF0DB731D300AD7D627DF7A /* [CP] Check Pods Manifest.lock */ = {
			isa = PBXShellScriptBuildPhase;
			buildActionMask = 2147483647;
			files = (
			);
			inputPaths = (
			);
			name = "[CP] Check Pods Manifest.lock";
			outputPaths = (
			);
			runOnlyForDeploymentPostprocessing = 0;
			shellPath = /bin/sh;
			shellScript = "diff \"${PODS_ROOT}/../Podfile.lock\" \"${PODS_ROOT}/Manifest.lock\" > /dev/null\nif [ $? != 0 ] ; then\n    # print error to STDERR\n    echo \"error: The sandbox is not in sync with the Podfile.lock. Run 'pod install' or update your CocoaPods installation.\" >&2\n    exit 1\nfi\n";
			showEnvVarsInLog = 0;
		};
		49DD0DA518417DB07980DD80 /* [CP] Copy Pods Resources */ = {
			isa = PBXShellScriptBuildPhase;
			buildActionMask = 2147483647;
			files = (
			);
			inputPaths = (
			);
			name = "[CP] Copy Pods Resources";
			outputPaths = (
			);
			runOnlyForDeploymentPostprocessing = 0;
			shellPath = /bin/sh;
			shellScript = "\"${SRCROOT}/Pods/Target Support Files/Pods-ScottExtensionUITests/Pods-ScottExtensionUITests-resources.sh\"\n";
			showEnvVarsInLog = 0;
		};
		85D1C2BF5D971F4FFD5AFD24 /* [CP] Copy Pods Resources */ = {
			isa = PBXShellScriptBuildPhase;
			buildActionMask = 2147483647;
			files = (
			);
			inputPaths = (
			);
			name = "[CP] Copy Pods Resources";
			outputPaths = (
			);
			runOnlyForDeploymentPostprocessing = 0;
			shellPath = /bin/sh;
			shellScript = "\"${SRCROOT}/Pods/Target Support Files/Pods-ScottExtensionTests/Pods-ScottExtensionTests-resources.sh\"\n";
			showEnvVarsInLog = 0;
		};
		C58AB64D8002D9D1543740BA /* [CP] Copy Pods Resources */ = {
			isa = PBXShellScriptBuildPhase;
			buildActionMask = 2147483647;
			files = (
			);
			inputPaths = (
			);
			name = "[CP] Copy Pods Resources";
			outputPaths = (
			);
			runOnlyForDeploymentPostprocessing = 0;
			shellPath = /bin/sh;
			shellScript = "\"${SRCROOT}/Pods/Target Support Files/Pods-ScottExtension/Pods-ScottExtension-resources.sh\"\n";
			showEnvVarsInLog = 0;
		};
		F78D7CF36FCDA04B70FAC470 /* [CP] Embed Pods Frameworks */ = {
			isa = PBXShellScriptBuildPhase;
			buildActionMask = 2147483647;
			files = (
			);
			inputPaths = (
			);
			name = "[CP] Embed Pods Frameworks";
			outputPaths = (
			);
			runOnlyForDeploymentPostprocessing = 0;
			shellPath = /bin/sh;
			shellScript = "\"${SRCROOT}/Pods/Target Support Files/Pods-ScottExtensionTests/Pods-ScottExtensionTests-frameworks.sh\"\n";
			showEnvVarsInLog = 0;
		};
/* End PBXShellScriptBuildPhase section */

/* Begin PBXSourcesBuildPhase section */
		9D157B071E0A51AC002D3066 /* Sources */ = {
			isa = PBXSourcesBuildPhase;
			buildActionMask = 2147483647;
			files = (
				9D157B161E0A51AC002D3066 /* ViewController.m in Sources */,
				9D157B441E0A51E1002D3066 /* UIImage+ScottExtension.m in Sources */,
				9D157B131E0A51AC002D3066 /* AppDelegate.m in Sources */,
				9D157B101E0A51AC002D3066 /* main.m in Sources */,
			);
			runOnlyForDeploymentPostprocessing = 0;
		};
		9D157B201E0A51AC002D3066 /* Sources */ = {
			isa = PBXSourcesBuildPhase;
			buildActionMask = 2147483647;
			files = (
				9D157B291E0A51AC002D3066 /* ScottExtensionTests.m in Sources */,
			);
			runOnlyForDeploymentPostprocessing = 0;
		};
		9D157B2B1E0A51AC002D3066 /* Sources */ = {
			isa = PBXSourcesBuildPhase;
			buildActionMask = 2147483647;
			files = (
				9D157B341E0A51AC002D3066 /* ScottExtensionUITests.m in Sources */,
			);
			runOnlyForDeploymentPostprocessing = 0;
		};
/* End PBXSourcesBuildPhase section */

/* Begin PBXTargetDependency section */
		9D157B261E0A51AC002D3066 /* PBXTargetDependency */ = {
			isa = PBXTargetDependency;
			target = 9D157B0A1E0A51AC002D3066 /* ScottExtension */;
			targetProxy = 9D157B251E0A51AC002D3066 /* PBXContainerItemProxy */;
		};
		9D157B311E0A51AC002D3066 /* PBXTargetDependency */ = {
			isa = PBXTargetDependency;
			target = 9D157B0A1E0A51AC002D3066 /* ScottExtension */;
			targetProxy = 9D157B301E0A51AC002D3066 /* PBXContainerItemProxy */;
		};
/* End PBXTargetDependency section */

/* Begin PBXVariantGroup section */
		9D157B171E0A51AC002D3066 /* Main.storyboard */ = {
			isa = PBXVariantGroup;
			children = (
				9D157B181E0A51AC002D3066 /* Base */,
			);
			name = Main.storyboard;
			sourceTree = "<group>";
		};
		9D157B1C1E0A51AC002D3066 /* LaunchScreen.storyboard */ = {
			isa = PBXVariantGroup;
			children = (
				9D157B1D1E0A51AC002D3066 /* Base */,
			);
			name = LaunchScreen.storyboard;
			sourceTree = "<group>";
		};
/* End PBXVariantGroup section */

/* Begin XCBuildConfiguration section */
		9D157B361E0A51AC002D3066 /* Debug */ = {
			isa = XCBuildConfiguration;
			buildSettings = {
				ALWAYS_SEARCH_USER_PATHS = NO;
				CLANG_ANALYZER_NONNULL = YES;
				CLANG_CXX_LANGUAGE_STANDARD = "gnu++0x";
				CLANG_CXX_LIBRARY = "libc++";
				CLANG_ENABLE_MODULES = YES;
				CLANG_ENABLE_OBJC_ARC = YES;
				CLANG_WARN_BOOL_CONVERSION = YES;
				CLANG_WARN_CONSTANT_CONVERSION = YES;
				CLANG_WARN_DIRECT_OBJC_ISA_USAGE = YES_ERROR;
				CLANG_WARN_DOCUMENTATION_COMMENTS = YES;
				CLANG_WARN_EMPTY_BODY = YES;
				CLANG_WARN_ENUM_CONVERSION = YES;
				CLANG_WARN_INFINITE_RECURSION = YES;
				CLANG_WARN_INT_CONVERSION = YES;
				CLANG_WARN_OBJC_ROOT_CLASS = YES_ERROR;
				CLANG_WARN_SUSPICIOUS_MOVE = YES;
				CLANG_WARN_UNREACHABLE_CODE = YES;
				CLANG_WARN__DUPLICATE_METHOD_MATCH = YES;
				"CODE_SIGN_IDENTITY[sdk=iphoneos*]" = "iPhone Developer";
				COPY_PHASE_STRIP = NO;
				DEBUG_INFORMATION_FORMAT = dwarf;
				ENABLE_STRICT_OBJC_MSGSEND = YES;
				ENABLE_TESTABILITY = YES;
				GCC_C_LANGUAGE_STANDARD = gnu99;
				GCC_DYNAMIC_NO_PIC = NO;
				GCC_NO_COMMON_BLOCKS = YES;
				GCC_OPTIMIZATION_LEVEL = 0;
				GCC_PREPROCESSOR_DEFINITIONS = (
					"DEBUG=1",
					"$(inherited)",
				);
				GCC_WARN_64_TO_32_BIT_CONVERSION = YES;
				GCC_WARN_ABOUT_RETURN_TYPE = YES_ERROR;
				GCC_WARN_UNDECLARED_SELECTOR = YES;
				GCC_WARN_UNINITIALIZED_AUTOS = YES_AGGRESSIVE;
				GCC_WARN_UNUSED_FUNCTION = YES;
				GCC_WARN_UNUSED_VARIABLE = YES;
				IPHONEOS_DEPLOYMENT_TARGET = 10.2;
				MTL_ENABLE_DEBUG_INFO = YES;
				ONLY_ACTIVE_ARCH = YES;
				SDKROOT = iphoneos;
			};
			name = Debug;
		};
		9D157B371E0A51AC002D3066 /* Release */ = {
			isa = XCBuildConfiguration;
			buildSettings = {
				ALWAYS_SEARCH_USER_PATHS = NO;
				CLANG_ANALYZER_NONNULL = YES;
				CLANG_CXX_LANGUAGE_STANDARD = "gnu++0x";
				CLANG_CXX_LIBRARY = "libc++";
				CLANG_ENABLE_MODULES = YES;
				CLANG_ENABLE_OBJC_ARC = YES;
				CLANG_WARN_BOOL_CONVERSION = YES;
				CLANG_WARN_CONSTANT_CONVERSION = YES;
				CLANG_WARN_DIRECT_OBJC_ISA_USAGE = YES_ERROR;
				CLANG_WARN_DOCUMENTATION_COMMENTS = YES;
				CLANG_WARN_EMPTY_BODY = YES;
				CLANG_WARN_ENUM_CONVERSION = YES;
				CLANG_WARN_INFINITE_RECURSION = YES;
				CLANG_WARN_INT_CONVERSION = YES;
				CLANG_WARN_OBJC_ROOT_CLASS = YES_ERROR;
				CLANG_WARN_SUSPICIOUS_MOVE = YES;
				CLANG_WARN_UNREACHABLE_CODE = YES;
				CLANG_WARN__DUPLICATE_METHOD_MATCH = YES;
				"CODE_SIGN_IDENTITY[sdk=iphoneos*]" = "iPhone Developer";
				COPY_PHASE_STRIP = NO;
				DEBUG_INFORMATION_FORMAT = "dwarf-with-dsym";
				ENABLE_NS_ASSERTIONS = NO;
				ENABLE_STRICT_OBJC_MSGSEND = YES;
				GCC_C_LANGUAGE_STANDARD = gnu99;
				GCC_NO_COMMON_BLOCKS = YES;
				GCC_WARN_64_TO_32_BIT_CONVERSION = YES;
				GCC_WARN_ABOUT_RETURN_TYPE = YES_ERROR;
				GCC_WARN_UNDECLARED_SELECTOR = YES;
				GCC_WARN_UNINITIALIZED_AUTOS = YES_AGGRESSIVE;
				GCC_WARN_UNUSED_FUNCTION = YES;
				GCC_WARN_UNUSED_VARIABLE = YES;
				IPHONEOS_DEPLOYMENT_TARGET = 10.2;
				MTL_ENABLE_DEBUG_INFO = NO;
				SDKROOT = iphoneos;
				VALIDATE_PRODUCT = YES;
			};
			name = Release;
		};
		9D157B391E0A51AC002D3066 /* Debug */ = {
			isa = XCBuildConfiguration;
			baseConfigurationReference = 9E33E2BD3713762FCC2609DD /* Pods-ScottExtension.debug.xcconfig */;
			buildSettings = {
				ASSETCATALOG_COMPILER_APPICON_NAME = AppIcon;
				DEVELOPMENT_TEAM = D2YB7AB988;
				INFOPLIST_FILE = ScottExtension/Info.plist;
				LD_RUNPATH_SEARCH_PATHS = "$(inherited) @executable_path/Frameworks";
				PRODUCT_BUNDLE_IDENTIFIER = com.ScottExtension;
				PRODUCT_NAME = "$(TARGET_NAME)";
			};
			name = Debug;
		};
		9D157B3A1E0A51AC002D3066 /* Release */ = {
			isa = XCBuildConfiguration;
			baseConfigurationReference = 51375900FD4236D64280EDBC /* Pods-ScottExtension.release.xcconfig */;
			buildSettings = {
				ASSETCATALOG_COMPILER_APPICON_NAME = AppIcon;
				DEVELOPMENT_TEAM = D2YB7AB988;
				INFOPLIST_FILE = ScottExtension/Info.plist;
				LD_RUNPATH_SEARCH_PATHS = "$(inherited) @executable_path/Frameworks";
				PRODUCT_BUNDLE_IDENTIFIER = com.ScottExtension;
				PRODUCT_NAME = "$(TARGET_NAME)";
			};
			name = Release;
		};
		9D157B3C1E0A51AC002D3066 /* Debug */ = {
			isa = XCBuildConfiguration;
			baseConfigurationReference = FF768E612E414340F44BAC6C /* Pods-ScottExtensionTests.debug.xcconfig */;
			buildSettings = {
				BUNDLE_LOADER = "$(TEST_HOST)";
				DEVELOPMENT_TEAM = D2YB7AB988;
				INFOPLIST_FILE = ScottExtensionTests/Info.plist;
				LD_RUNPATH_SEARCH_PATHS = "$(inherited) @executable_path/Frameworks @loader_path/Frameworks";
				PRODUCT_BUNDLE_IDENTIFIER = com.ScottExtensionTests;
				PRODUCT_NAME = "$(TARGET_NAME)";
				TEST_HOST = "$(BUILT_PRODUCTS_DIR)/ScottExtension.app/ScottExtension";
			};
			name = Debug;
		};
		9D157B3D1E0A51AC002D3066 /* Release */ = {
			isa = XCBuildConfiguration;
			baseConfigurationReference = E76CB9CBB77DC866E0068F86 /* Pods-ScottExtensionTests.release.xcconfig */;
			buildSettings = {
				BUNDLE_LOADER = "$(TEST_HOST)";
				DEVELOPMENT_TEAM = D2YB7AB988;
				INFOPLIST_FILE = ScottExtensionTests/Info.plist;
				LD_RUNPATH_SEARCH_PATHS = "$(inherited) @executable_path/Frameworks @loader_path/Frameworks";
				PRODUCT_BUNDLE_IDENTIFIER = com.ScottExtensionTests;
				PRODUCT_NAME = "$(TARGET_NAME)";
				TEST_HOST = "$(BUILT_PRODUCTS_DIR)/ScottExtension.app/ScottExtension";
			};
			name = Release;
		};
		9D157B3F1E0A51AC002D3066 /* Debug */ = {
			isa = XCBuildConfiguration;
			baseConfigurationReference = 70C536A2DE328421E60EE087 /* Pods-ScottExtensionUITests.debug.xcconfig */;
			buildSettings = {
				DEVELOPMENT_TEAM = D2YB7AB988;
				INFOPLIST_FILE = ScottExtensionUITests/Info.plist;
				LD_RUNPATH_SEARCH_PATHS = "$(inherited) @executable_path/Frameworks @loader_path/Frameworks";
				PRODUCT_BUNDLE_IDENTIFIER = com.ScottExtensionUITests;
				PRODUCT_NAME = "$(TARGET_NAME)";
				TEST_TARGET_NAME = ScottExtension;
			};
			name = Debug;
		};
		9D157B401E0A51AC002D3066 /* Release */ = {
			isa = XCBuildConfiguration;
			baseConfigurationReference = 643090DCECE00FC24BB5D502 /* Pods-ScottExtensionUITests.release.xcconfig */;
			buildSettings = {
				DEVELOPMENT_TEAM = D2YB7AB988;
				INFOPLIST_FILE = ScottExtensionUITests/Info.plist;
				LD_RUNPATH_SEARCH_PATHS = "$(inherited) @executable_path/Frameworks @loader_path/Frameworks";
				PRODUCT_BUNDLE_IDENTIFIER = com.ScottExtensionUITests;
				PRODUCT_NAME = "$(TARGET_NAME)";
				TEST_TARGET_NAME = ScottExtension;
			};
			name = Release;
		};
/* End XCBuildConfiguration section */

/* Begin XCConfigurationList section */
		9D157B061E0A51AC002D3066 /* Build configuration list for PBXProject "ScottExtension" */ = {
			isa = XCConfigurationList;
			buildConfigurations = (
				9D157B361E0A51AC002D3066 /* Debug */,
				9D157B371E0A51AC002D3066 /* Release */,
			);
			defaultConfigurationIsVisible = 0;
			defaultConfigurationName = Release;
		};
		9D157B381E0A51AC002D3066 /* Build configuration list for PBXNativeTarget "ScottExtension" */ = {
			isa = XCConfigurationList;
			buildConfigurations = (
				9D157B391E0A51AC002D3066 /* Debug */,
				9D157B3A1E0A51AC002D3066 /* Release */,
			);
			defaultConfigurationIsVisible = 0;
			defaultConfigurationName = Release;
		};
		9D157B3B1E0A51AC002D3066 /* Build configuration list for PBXNativeTarget "ScottExtensionTests" */ = {
			isa = XCConfigurationList;
			buildConfigurations = (
				9D157B3C1E0A51AC002D3066 /* Debug */,
				9D157B3D1E0A51AC002D3066 /* Release */,
			);
			defaultConfigurationIsVisible = 0;
			defaultConfigurationName = Release;
		};
		9D157B3E1E0A51AC002D3066 /* Build configuration list for PBXNativeTarget "ScottExtensionUITests" */ = {
			isa = XCConfigurationList;
			buildConfigurations = (
				9D157B3F1E0A51AC002D3066 /* Debug */,
				9D157B401E0A51AC002D3066 /* Release */,
			);
			defaultConfigurationIsVisible = 0;
			defaultConfigurationName = Release;
		};
/* End XCConfigurationList section */
	};
	rootObject = 9D157B031E0A51AC002D3066 /* Project object */;
}
